<?xml version="1.0" encoding="utf-8"?>
<Project ToolsVersion="4.0" xmlns="http://schemas.microsoft.com/developer/msbuild/2003">
  <ItemGroup>
    <Filter Include="Source Files">
      <UniqueIdentifier>{4FC737F1-C7A5-4376-A066-2A32D752A2FF}</UniqueIdentifier>
      <Extensions>cpp;c;cc;cxx;def;odl;idl;hpj;bat;asm;asmx</Extensions>
    </Filter>
    <Filter Include="Header Files">
      <UniqueIdentifier>{93995380-89BD-4b04-88EB-625FBE52EBFB}</UniqueIdentifier>
      <Extensions>h;hh;hpp;hxx;hm;inl;inc;xsd</Extensions>
    </Filter>
    <Filter Include="Resource Files">
      <UniqueIdentifier>{67DA6AB6-F800-4c08-8B7A-83BB121AAD01}</UniqueIdentifier>
      <Extensions>rc;ico;cur;bmp;dlg;rc2;rct;bin;rgs;gif;jpg;jpeg;jpe;resx;tiff;tif;png;wav</Extensions>
    </Filter>
  </ItemGroup>
  <ItemGroup>
    <ClCompile Include="src\camera\camera.cpp">
      <Filter>Source Files</Filter>
    </ClCompile>
    <ClCompile Include="src\compass\compass.cpp">
      <Filter>Source Files</Filter>
    </ClCompile>
    <ClCompile Include="src\debug\diagnostic.cpp">
      <Filter>Source Files</Filter>
    </ClCompile>
    <ClCompile Include="src\engine\engine.cpp">
      <Filter>Source Files</Filter>
    </ClCompile>
    <ClCompile Include="src\engine\framerate.cpp">
      <Filter>Source Files</Filter>
    </ClCompile>
    <ClCompile Include="src\game\entity.cpp">
      <Filter>Source Files</Filter>
    </ClCompile>
    <ClCompile Include="src\game\game.cpp">
      <Filter>Source Files</Filter>
    </ClCompile>
    <ClCompile Include="src\graphics\autotexture.cpp">
      <Filter>Source Files</Filter>
    </ClCompile>
    <ClCompile Include="src\graphics\primitives.cpp">
      <Filter>Source Files</Filter>
    </ClCompile>
    <ClCompile Include="src\input\device.cpp">
      <Filter>Source Files</Filter>
    </ClCompile>
    <ClCompile Include="src\input\keyboard.cpp">
      <Filter>Source Files</Filter>
    </ClCompile>
    <ClCompile Include="src\input\xbox_gamepad.cpp">
      <Filter>Source Files</Filter>
    </ClCompile>
    <ClCompile Include="src\math\vector.cpp">
      <Filter>Source Files</Filter>
    </ClCompile>
    <ClCompile Include="src\physics\collisions.cpp">
      <Filter>Source Files</Filter>
    </ClCompile>
    <ClCompile Include="src\statemachine\state.cpp">
      <Filter>Source Files</Filter>
    </ClCompile>
    <ClCompile Include="src\statemachine\state_machine.cpp">
      <Filter>Source Files</Filter>
    </ClCompile>
    <ClCompile Include="src\utils\file.cpp">
      <Filter>Source Files</Filter>
    </ClCompile>
    <ClCompile Include="src\utils\files.cpp">
      <Filter>Source Files</Filter>
    </ClCompile>
    <ClCompile Include="src\utils\grid.cpp">
      <Filter>Source Files</Filter>
    </ClCompile>
    <ClCompile Include="src\utils\timer.cpp">
      <Filter>Source Files</Filter>
    </ClCompile>
    <ClCompile Include="src\utils\tree.cpp">
      <Filter>Source Files</Filter>
    </ClCompile>
    <ClCompile Include="src\viewer\viewer.cpp">
      <Filter>Source Files</Filter>
    </ClCompile>
    <ClCompile Include="src\widgets\label.cpp">
      <Filter>Source Files</Filter>
    </ClCompile>
    <ClCompile Include="src\widgets\sprite.cpp">
      <Filter>Source Files</Filter>
    </ClCompile>
    <ClCompile Include="src\widgets\spriteanimation.cpp">
      <Filter>Source Files</Filter>
    </ClCompile>
    <ClCompile Include="src\widgets\tiledscrollingbackground.cpp">
      <Filter>Source Files</Filter>
    </ClCompile>
    <ClCompile Include="src\widgets\widget.cpp">
      <Filter>Source Files</Filter>
    </ClCompile>
  </ItemGroup>
  <ItemGroup>
    <ClInclude Include="src\types.hpp">
      <Filter>Header Files</Filter>
    </ClInclude>
    <ClInclude Include="src\camera\camera.hpp">
      <Filter>Header Files</Filter>
    </ClInclude>
    <ClInclude Include="src\compass\compass.hpp">
      <Filter>Header Files</Filter>
    </ClInclude>
    <ClInclude Include="src\debug\diagnostic.hpp">
      <Filter>Header Files</Filter>
    </ClInclude>
    <ClInclude Include="src\engine\engine.hpp">
      <Filter>Header Files</Filter>
    </ClInclude>
    <ClInclude Include="src\engine\framerate.hpp">
      <Filter>Header Files</Filter>
    </ClInclude>
    <ClInclude Include="src\game\entity.hpp">
      <Filter>Header Files</Filter>
    </ClInclude>
    <ClInclude Include="src\game\game.hpp">
      <Filter>Header Files</Filter>
    </ClInclude>
    <ClInclude Include="src\graphics\autotexture.hpp">
      <Filter>Header Files</Filter>
    </ClInclude>
    <ClInclude Include="src\graphics\primitives.hpp">
      <Filter>Header Files</Filter>
    </ClInclude>
    <ClInclude Include="src\input\device.hpp">
      <Filter>Header Files</Filter>
    </ClInclude>
    <ClInclude Include="src\input\input.hpp">
      <Filter>Header Files</Filter>
    </ClInclude>
    <ClInclude Include="src\input\keyboard.hpp">
      <Filter>Header Files</Filter>
    </ClInclude>
    <ClInclude Include="src\input\keycodes.hpp">
      <Filter>Header Files</Filter>
    </ClInclude>
    <ClInclude Include="src\input\xbox_gamepad.hpp">
      <Filter>Header Files</Filter>
    </ClInclude>
    <ClInclude Include="src\math\vector.hpp">
      <Filter>Header Files</Filter>
    </ClInclude>
    <ClInclude Include="src\physics\collisions.hpp">
      <Filter>Header Files</Filter>
    </ClInclude>
    <ClInclude Include="src\statemachine\state.hpp">
      <Filter>Header Files</Filter>
    </ClInclude>
    <ClInclude Include="src\statemachine\state_machine.hpp">
      <Filter>Header Files</Filter>
    </ClInclude>
    <ClInclude Include="src\utils\file.hpp">
      <Filter>Header Files</Filter>
    </ClInclude>
    <ClInclude Include="src\utils\files.hpp">
      <Filter>Header Files</Filter>
    </ClInclude>
    <ClInclude Include="src\utils\fps.hpp">
      <Filter>Header Files</Filter>
    </ClInclude>
    <ClInclude Include="src\utils\grid.hpp">
      <Filter>Header Files</Filter>
    </ClInclude>
    <ClInclude Include="src\utils\timer.hpp">
      <Filter>Header Files</Filter>
    </ClInclude>
    <ClInclude Include="src\utils\tree.hpp">
      <Filter>Header Files</Filter>
    </ClInclude>
    <ClInclude Include="src\viewer\viewer.hpp">
      <Filter>Header Files</Filter>
    </ClInclude>
    <ClInclude Include="src\widgets\label.hpp">
      <Filter>Header Files</Filter>
    </ClInclude>
    <ClInclude Include="src\widgets\sprite.hpp">
      <Filter>Header Files</Filter>
    </ClInclude>
    <ClInclude Include="src\widgets\spriteanimation.hpp">
      <Filter>Header Files</Filter>
    </ClInclude>
    <ClInclude Include="src\widgets\tiledscrollingbackground.hpp">
      <Filter>Header Files</Filter>
    </ClInclude>
    <ClInclude Include="src\widgets\widget.hpp">
      <Filter>Header Files</Filter>
    </ClInclude>
  </ItemGroup>
</Project>